
Microsoft Visual Studio Solution File, Format Version 12.00
# Visual Studio 15
VisualStudioVersion = 15.0.27130.2010
MinimumVisualStudioVersion = 10.0.40219.1
Project("{FAE04EC0-301F-11D3-BF4B-00C04F79EFBC}") = "RegistroDetalle2", "RegistroDetalle2.0\RegistroDetalle2.csproj", "{9315FDF1-BC47-405F-B35D-22A5AB070954}"
EndProject
Global
	GlobalSection(SolutionConfigurationPlatforms) = preSolution
		Debug|Any CPU = Debug|Any CPU
		Release|Any CPU = Release|Any CPU
	EndGlobalSection
	GlobalSection(ProjectConfigurationPlatforms) = postSolution
		{9315FDF1-BC47-405F-B35D-22A5AB070954}.Debug|Any CPU.ActiveCfg = Debug|Any CPU
		{9315FDF1-BC47-405F-B35D-22A5AB070954}.Debug|Any CPU.Build.0 = Debug|Any CPU
		{9315FDF1-BC47-405F-B35D-22A5AB070954}.Release|Any CPU.ActiveCfg = Release|Any CPU
		{9315FDF1-BC47-405F-B35D-22A5AB070954}.Release|Any CPU.Build.0 = Release|Any CPU
	EndGlobalSection
	GlobalSection(SolutionProperties) = preSolution
		HideSolutionNode = FALSE
	EndGlobalSection
	GlobalSection(ExtensibilityGlobals) = postSolution
		SolutionGuid = {92D088A3-2335-430D-B9AB-C1C66ED19AE9}
	EndGlobalSection
EndGlobal
